
Microsoft Visual Studio Solution File, Format Version 12.00
# Visual Studio Version 16
VisualStudioVersion = 16.0.30517.126
MinimumVisualStudioVersion = 10.0.40219.1
Project("{9A19103F-16F7-4668-BE54-9A1E7A4F7556}") = "Romanization", "Romanization\Romanization.csproj", "{65A48061-345B-4991-BB33-8A63B6FE7B3F}"
EndProject
Project("{9A19103F-16F7-4668-BE54-9A1E7A4F7556}") = "RomanizationTests", "RomanizationTests\RomanizationTests.csproj", "{79BC896C-4ECE-4E4C-82A7-368F98EF4B5E}"
EndProject
Project("{2150E333-8FDC-42A3-9474-1A3956D46DE8}") = "Miscellaneous", "Miscellaneous", "{F468514C-AC49-4444-A66C-A322B46D6761}"
	ProjectSection(SolutionItems) = preProject
		.gitignore = .gitignore
		.travis.yml = .travis.yml
		deploy.sh = deploy.sh
		README.md = README.md
		Romanization\Romanization.nuspec = Romanization\Romanization.nuspec
	EndProjectSection
EndProject
Global
	GlobalSection(SolutionConfigurationPlatforms) = preSolution
		Debug|Any CPU = Debug|Any CPU
		Release|Any CPU = Release|Any CPU
	EndGlobalSection
	GlobalSection(ProjectConfigurationPlatforms) = postSolution
		{65A48061-345B-4991-BB33-8A63B6FE7B3F}.Debug|Any CPU.ActiveCfg = Debug|Any CPU
		{65A48061-345B-4991-BB33-8A63B6FE7B3F}.Debug|Any CPU.Build.0 = Debug|Any CPU
		{65A48061-345B-4991-BB33-8A63B6FE7B3F}.Release|Any CPU.ActiveCfg = Release|Any CPU
		{65A48061-345B-4991-BB33-8A63B6FE7B3F}.Release|Any CPU.Build.0 = Release|Any CPU
		{79BC896C-4ECE-4E4C-82A7-368F98EF4B5E}.Debug|Any CPU.ActiveCfg = Debug|Any CPU
		{79BC896C-4ECE-4E4C-82A7-368F98EF4B5E}.Debug|Any CPU.Build.0 = Debug|Any CPU
		{79BC896C-4ECE-4E4C-82A7-368F98EF4B5E}.Release|Any CPU.ActiveCfg = Release|Any CPU
		{79BC896C-4ECE-4E4C-82A7-368F98EF4B5E}.Release|Any CPU.Build.0 = Release|Any CPU
	EndGlobalSection
	GlobalSection(SolutionProperties) = preSolution
		HideSolutionNode = FALSE
	EndGlobalSection
	GlobalSection(ExtensibilityGlobals) = postSolution
		SolutionGuid = {05F02F5C-A383-45FE-8328-2F3FF95298A8}
	EndGlobalSection
EndGlobal
